
Microsoft Visual Studio Solution File, Format Version 12.00
# Visual Studio Version 17
VisualStudioVersion = 17.11.35312.102
MinimumVisualStudioVersion = 10.0.40219.1
Project("{FAE04EC0-301F-11D3-BF4B-00C04F79EFBC}") = "Paar-Finder", "Paar-Finder\Paar-Finder.csproj", "{B9452488-1A3E-4A81-A450-BBD5B494A215}"
EndProject
Global
	GlobalSection(SolutionConfigurationPlatforms) = preSolution
		Debug|Any CPU = Debug|Any CPU
		Release|Any CPU = Release|Any CPU
	EndGlobalSection
	GlobalSection(ProjectConfigurationPlatforms) = postSolution
		{B9452488-1A3E-4A81-A450-BBD5B494A215}.Debug|Any CPU.ActiveCfg = Debug|Any CPU
		{B9452488-1A3E-4A81-A450-BBD5B494A215}.Debug|Any CPU.Build.0 = Debug|Any CPU
		{B9452488-1A3E-4A81-A450-BBD5B494A215}.Release|Any CPU.ActiveCfg = Release|Any CPU
		{B9452488-1A3E-4A81-A450-BBD5B494A215}.Release|Any CPU.Build.0 = Release|Any CPU
	EndGlobalSection
	GlobalSection(SolutionProperties) = preSolution
		HideSolutionNode = FALSE
	EndGlobalSection
	GlobalSection(ExtensibilityGlobals) = postSolution
		SolutionGuid = {E38DE544-513A-4526-93AE-0BBC174D4B70}
	EndGlobalSection
EndGlobal
